
Microsoft Visual Studio Solution File, Format Version 12.00
# Visual Studio Version 17
VisualStudioVersion = 17.5.002.0
MinimumVisualStudioVersion = 10.0.40219.1
Project("{9A19103F-16F7-4668-BE54-9A1E7A4F7556}") = "authService", "authService.csproj", "{23FEA82C-F8BF-406A-8C26-EF1CCEDF81C4}"
EndProject
Global
	GlobalSection(SolutionConfigurationPlatforms) = preSolution
		Debug|Any CPU = Debug|Any CPU
		Release|Any CPU = Release|Any CPU
	EndGlobalSection
	GlobalSection(ProjectConfigurationPlatforms) = postSolution
		{23FEA82C-F8BF-406A-8C26-EF1CCEDF81C4}.Debug|Any CPU.ActiveCfg = Debug|Any CPU
		{23FEA82C-F8BF-406A-8C26-EF1CCEDF81C4}.Debug|Any CPU.Build.0 = Debug|Any CPU
		{23FEA82C-F8BF-406A-8C26-EF1CCEDF81C4}.Release|Any CPU.ActiveCfg = Release|Any CPU
		{23FEA82C-F8BF-406A-8C26-EF1CCEDF81C4}.Release|Any CPU.Build.0 = Release|Any CPU
	EndGlobalSection
	GlobalSection(SolutionProperties) = preSolution
		HideSolutionNode = FALSE
	EndGlobalSection
	GlobalSection(ExtensibilityGlobals) = postSolution
		SolutionGuid = {BF1F408B-D7A0-4E87-9AA1-0FA149D33131}
	EndGlobalSection
EndGlobal
